github.com/HugoBlox/hugo-blox-builder/modules/blox-analytics v0.1.2/go.mod h1:0YQtVvRLCzZOpPmbVNk7WDx8t19/QfRTFO+pwyqQNk8=
github.com/HugoBlox/hugo-blox-builder/modules/blox-plugin-netlify v1.1.2-0.20240217212918-ae7f0c597978 h1:AMsITVwNWp5CR/OxnYEsXT6hxZJfD+XycPArm9jJUDk=
github.com/HugoBlox/hugo-blox-builder/modules/blox-plugin-netlify v1.1.2-0.20240217212918-ae7f0c597978/go.mod h1:C7jfxMLv1bEUqbM9XDSmEpfOpS8w06OgqNDEcbuRgL4=
github.com/HugoBlox/hugo-blox-builder/modules/blox-tailwind v0.2.1-0.20240303165809-469a458ab94f h1:7XtzwIOvOKFfHEYO8aZcGrYnGvy32AWaa0PX1TX0EDU=
github.com/HugoBlox/hugo-blox-builder/modules/blox-tailwind v0.2.1-0.20240303165809-469a458ab94f/go.mod h1:+qBbqXbKT7M2nOeHQa5OrRXwQKpEx1RXpMGirHbT7HU=
